
Microsoft Visual Studio Solution File, Format Version 12.00
# Visual Studio Version 17
VisualStudioVersion = 17.0.31611.283
MinimumVisualStudioVersion = 10.0.40219.1
Project("{9A19103F-16F7-4668-BE54-9A1E7A4F7556}") = "ACDCs.CircuitRenderer", "ACDCS.CircuitRenderer\ACDCs.CircuitRenderer.csproj", "{FFC436E2-79F1-4392-9571-1DDD28C54EDB}"
EndProject
Project("{2150E333-8FDC-42A3-9474-1A3956D46DE8}") = "Solution Items", "Solution Items", "{1BB0C989-7548-4E12-8571-A87728D596C4}"
	ProjectSection(SolutionItems) = preProject
		.editorconfig = .editorconfig
	EndProjectSection
EndProject
Project("{9A19103F-16F7-4668-BE54-9A1E7A4F7556}") = "ACDCs.Web", "ACDCs.Web\ACDCs.Web.csproj", "{3120E5D8-D80D-41AF-9331-7A5D632CB5EE}"
EndProject
Project("{9A19103F-16F7-4668-BE54-9A1E7A4F7556}") = "ACDCs", "ACDCs\ACDCs.csproj", "{E84948D4-39A1-45FD-AB2E-7C8361EA17CB}"
EndProject
Project("{2150E333-8FDC-42A3-9474-1A3956D46DE8}") = "libs", "libs", "{B4ACA9EB-8DB3-4B88-BD1E-71D98C71741E}"
EndProject
Project("{9A19103F-16F7-4668-BE54-9A1E7A4F7556}") = "Sharp.UI", "libs\Sharp.UI\Sharp.UI\Sharp.UI.csproj", "{F994C453-D976-4902-AE79-38281675EDD7}"
EndProject
Project("{9A19103F-16F7-4668-BE54-9A1E7A4F7556}") = "Sharp.UI.Generator", "libs\Sharp.UI\Sharp.UI.Generator\Sharp.UI.Generator.csproj", "{A1EA20F3-93FE-4F48-81A1-E4C4C3E919BA}"
EndProject
Global
	GlobalSection(SolutionConfigurationPlatforms) = preSolution
		Debug|Any CPU = Debug|Any CPU
		Release|Any CPU = Release|Any CPU
	EndGlobalSection
	GlobalSection(ProjectConfigurationPlatforms) = postSolution
		{FFC436E2-79F1-4392-9571-1DDD28C54EDB}.Debug|Any CPU.ActiveCfg = Debug|Any CPU
		{FFC436E2-79F1-4392-9571-1DDD28C54EDB}.Debug|Any CPU.Build.0 = Debug|Any CPU
		{FFC436E2-79F1-4392-9571-1DDD28C54EDB}.Release|Any CPU.ActiveCfg = Release|Any CPU
		{FFC436E2-79F1-4392-9571-1DDD28C54EDB}.Release|Any CPU.Build.0 = Release|Any CPU
		{3120E5D8-D80D-41AF-9331-7A5D632CB5EE}.Debug|Any CPU.ActiveCfg = Debug|Any CPU
		{3120E5D8-D80D-41AF-9331-7A5D632CB5EE}.Debug|Any CPU.Build.0 = Debug|Any CPU
		{3120E5D8-D80D-41AF-9331-7A5D632CB5EE}.Release|Any CPU.ActiveCfg = Release|Any CPU
		{3120E5D8-D80D-41AF-9331-7A5D632CB5EE}.Release|Any CPU.Build.0 = Release|Any CPU
		{E84948D4-39A1-45FD-AB2E-7C8361EA17CB}.Debug|Any CPU.ActiveCfg = Debug|Any CPU
		{E84948D4-39A1-45FD-AB2E-7C8361EA17CB}.Debug|Any CPU.Build.0 = Debug|Any CPU
		{E84948D4-39A1-45FD-AB2E-7C8361EA17CB}.Debug|Any CPU.Deploy.0 = Debug|Any CPU
		{E84948D4-39A1-45FD-AB2E-7C8361EA17CB}.Release|Any CPU.ActiveCfg = Release|Any CPU
		{E84948D4-39A1-45FD-AB2E-7C8361EA17CB}.Release|Any CPU.Build.0 = Release|Any CPU
		{E84948D4-39A1-45FD-AB2E-7C8361EA17CB}.Release|Any CPU.Deploy.0 = Release|Any CPU
		{F994C453-D976-4902-AE79-38281675EDD7}.Debug|Any CPU.ActiveCfg = Debug|Any CPU
		{F994C453-D976-4902-AE79-38281675EDD7}.Debug|Any CPU.Build.0 = Debug|Any CPU
		{F994C453-D976-4902-AE79-38281675EDD7}.Release|Any CPU.ActiveCfg = Release|Any CPU
		{F994C453-D976-4902-AE79-38281675EDD7}.Release|Any CPU.Build.0 = Release|Any CPU
		{A1EA20F3-93FE-4F48-81A1-E4C4C3E919BA}.Debug|Any CPU.ActiveCfg = Debug|Any CPU
		{A1EA20F3-93FE-4F48-81A1-E4C4C3E919BA}.Debug|Any CPU.Build.0 = Debug|Any CPU
		{A1EA20F3-93FE-4F48-81A1-E4C4C3E919BA}.Release|Any CPU.ActiveCfg = Release|Any CPU
		{A1EA20F3-93FE-4F48-81A1-E4C4C3E919BA}.Release|Any CPU.Build.0 = Release|Any CPU
	EndGlobalSection
	GlobalSection(SolutionProperties) = preSolution
		HideSolutionNode = FALSE
	EndGlobalSection
	GlobalSection(NestedProjects) = preSolution
		{F994C453-D976-4902-AE79-38281675EDD7} = {B4ACA9EB-8DB3-4B88-BD1E-71D98C71741E}
		{A1EA20F3-93FE-4F48-81A1-E4C4C3E919BA} = {B4ACA9EB-8DB3-4B88-BD1E-71D98C71741E}
	EndGlobalSection
	GlobalSection(ExtensibilityGlobals) = postSolution
		SolutionGuid = {61F7FB11-1E47-470C-91E2-47F8143E1572}
	EndGlobalSection
EndGlobal
